<?xml version="1.0" encoding="utf-8"?>
<Project ToolsVersion="4.0" xmlns="http://schemas.microsoft.com/developer/msbuild/2003">
  <ItemGroup>
    <Filter Include="Resource Files">
      <UniqueIdentifier>{67DA6AB6-F800-4c08-8B7A-83BB121AAD01}</UniqueIdentifier>
      <Extensions>rc;ico;cur;bmp;dlg;rc2;rct;bin;rgs;gif;jpg;jpeg;jpe;resx;tiff;tif;png;wav;mfcribbon-ms</Extensions>
    </Filter>
    <Filter Include="Core">
      <UniqueIdentifier>{8459530a-8c34-4442-9c72-41d1f2b4ed4a}</UniqueIdentifier>
    </Filter>
    <Filter Include="Core\Private">
      <UniqueIdentifier>{58ecb7c7-5963-411e-8af4-bfde7a5c0466}</UniqueIdentifier>
    </Filter>
    <Filter Include="Core\Public">
      <UniqueIdentifier>{4729f632-a6ea-4679-9628-06a96a09ceec}</UniqueIdentifier>
    </Filter>
    <Filter Include="Core\Private\PDBReader">
      <UniqueIdentifier>{3af78517-b4a1-423a-b8bf-82de3c526ca3}</UniqueIdentifier>
    </Filter>
    <Filter Include="Core\Public\API">
      <UniqueIdentifier>{5a6460f4-583c-4223-b1d3-84dab2aa2a92}</UniqueIdentifier>
    </Filter>
    <Filter Include="Core\Public\API\ARK">
      <UniqueIdentifier>{1980c993-18a4-4f4c-8a15-4c4dc2a3aeee}</UniqueIdentifier>
    </Filter>
    <Filter Include="Core\Public\API\UE">
      <UniqueIdentifier>{51e7b043-f4d4-4c19-81d2-aa2dc3d69f61}</UniqueIdentifier>
    </Filter>
    <Filter Include="Core\Public\API\UE\Templates">
      <UniqueIdentifier>{48905ed3-7f75-4ad8-8cf9-01b6a5f69fea}</UniqueIdentifier>
    </Filter>
    <Filter Include="Core\Private\PluginManager">
      <UniqueIdentifier>{3138185d-1378-4bb6-a9ae-08b8972ffc94}</UniqueIdentifier>
    </Filter>
    <Filter Include="Core\Public\API\UE\Containers">
      <UniqueIdentifier>{25cd0b19-4654-4a59-b866-3b5fc5212b3c}</UniqueIdentifier>
    </Filter>
    <Filter Include="Core\Public\API\UE\Misc">
      <UniqueIdentifier>{c59ecc14-3b90-48b5-8590-0ee401072790}</UniqueIdentifier>
    </Filter>
    <Filter Include="Core\Public\API\UE\HAL">
      <UniqueIdentifier>{030646fa-2497-4cda-a5aa-aaa3ce8b62a0}</UniqueIdentifier>
    </Filter>
    <Filter Include="Core\Public\API\UE\GenericPlatform">
      <UniqueIdentifier>{86ba6556-e359-4181-9cbe-0da239eb01dc}</UniqueIdentifier>
    </Filter>
    <Filter Include="Core\Public\API\UE\Windows">
      <UniqueIdentifier>{9a7b4335-8b2c-4c9f-93dd-5813289c1092}</UniqueIdentifier>
    </Filter>
    <Filter Include="Core\Public\API\UE\Math">
      <UniqueIdentifier>{6a4a5f46-b2f1-44be-a346-e9c28a995f81}</UniqueIdentifier>
    </Filter>
    <Filter Include="Core\Public\API\UE\Delegates">
      <UniqueIdentifier>{643f871e-e418-4209-be16-61663f188652}</UniqueIdentifier>
    </Filter>
    <Filter Include="Core\Public\API\UE\Containers\Algo">
      <UniqueIdentifier>{4ab4f7ea-2a4e-47f1-8dd6-78c06e6fa40c}</UniqueIdentifier>
    </Filter>
    <Filter Include="Core\Public\API\UE\Containers\Algo\Impl">
      <UniqueIdentifier>{e949db5b-8a3f-4ca4-b6b4-5cca87260ec1}</UniqueIdentifier>
    </Filter>
    <Filter Include="Core\Public\Logger">
      <UniqueIdentifier>{84ca9881-961a-4a9f-b527-7cf45ea98693}</UniqueIdentifier>
    </Filter>
    <Filter Include="Core\Private\Tools">
      <UniqueIdentifier>{42c6cb7c-645b-4e1d-9da8-7da22b6efea5}</UniqueIdentifier>
    </Filter>
    <Filter Include="Core\Private\Ark">
      <UniqueIdentifier>{c7d53d29-62a7-4d13-b1a2-8c76c6565ce0}</UniqueIdentifier>
    </Filter>
    <Filter Include="Core\Private\Atlas">
      <UniqueIdentifier>{a0a3062f-3730-4f50-812a-72409ba31928}</UniqueIdentifier>
    </Filter>
    <Filter Include="Core\Public\API\Atlas">
      <UniqueIdentifier>{d3166ee6-2d6e-4a77-8ac2-d9fbaca1fd55}</UniqueIdentifier>
    </Filter>
    <Filter Include="Core\Public\Ark">
      <UniqueIdentifier>{b3e6d8bd-62de-4dc1-958d-03077e99c9cb}</UniqueIdentifier>
    </Filter>
    <Filter Include="Core\Public\Atlas">
      <UniqueIdentifier>{bab0c67e-ce63-4e52-9209-74abbfd6ffaf}</UniqueIdentifier>
    </Filter>
    <Filter Include="Core\Private\UE">
      <UniqueIdentifier>{15bcd933-8ce4-40d3-81a0-8add08818c9b}</UniqueIdentifier>
    </Filter>
  </ItemGroup>
  <ItemGroup>
    <MASM Include="version_asm.asm" />
  </ItemGroup>
  <ItemGroup>
    <ClInclude Include="MinHook.h" />
    <ClInclude Include="Core\Private\PDBReader\PDBReader.h">
      <Filter>Core\Private\PDBReader</Filter>
    </ClInclude>
    <ClInclude Include="Core\Public\API\UE\UE.h">
      <Filter>Core\Public\API\UE</Filter>
    </ClInclude>
    <ClInclude Include="Core\Public\API\ARK\Actor.h">
      <Filter>Core\Public\API\ARK</Filter>
    </ClInclude>
    <ClInclude Include="Core\Public\API\ARK\Ark.h">
      <Filter>Core\Public\API\ARK</Filter>
    </ClInclude>
    <ClInclude Include="Core\Public\API\ARK\GameMode.h">
      <Filter>Core\Public\API\ARK</Filter>
    </ClInclude>
    <ClInclude Include="Core\Public\API\ARK\GameState.h">
      <Filter>Core\Public\API\ARK</Filter>
    </ClInclude>
    <ClInclude Include="Core\Public\API\ARK\Inventory.h">
      <Filter>Core\Public\API\ARK</Filter>
    </ClInclude>
    <ClInclude Include="Core\Public\API\ARK\Other.h">
      <Filter>Core\Public\API\ARK</Filter>
    </ClInclude>
    <ClInclude Include="Core\Public\API\ARK\PrimalStructure.h">
      <Filter>Core\Public\API\ARK</Filter>
    </ClInclude>
    <ClInclude Include="Core\Public\API\ARK\Tribe.h">
      <Filter>Core\Public\API\ARK</Filter>
    </ClInclude>
    <ClInclude Include="Core\Public\Tools.h">
      <Filter>Core\Public</Filter>
    </ClInclude>
    <ClInclude Include="Core\Public\API\UE\Templates\AndOrNot.h">
      <Filter>Core\Public\API\UE\Templates</Filter>
    </ClInclude>
    <ClInclude Include="Core\Public\API\UE\Templates\EnableIf.h">
      <Filter>Core\Public\API\UE\Templates</Filter>
    </ClInclude>
    <ClInclude Include="Core\Public\API\UE\Templates\IsArithmetic.h">
      <Filter>Core\Public\API\UE\Templates</Filter>
    </ClInclude>
    <ClInclude Include="Core\Public\API\UE\Templates\IsPODType.h">
      <Filter>Core\Public\API\UE\Templates</Filter>
    </ClInclude>
    <ClInclude Include="Core\Public\API\UE\Templates\IsTriviallyCopyAssignable.h">
      <Filter>Core\Public\API\UE\Templates</Filter>
    </ClInclude>
    <ClInclude Include="Core\Public\API\UE\Templates\IsPointer.h">
      <Filter>Core\Public\API\UE\Templates</Filter>
    </ClInclude>
    <ClInclude Include="Core\Public\API\UE\Templates\UnrealTypeTraits.h">
      <Filter>Core\Public\API\UE\Templates</Filter>
    </ClInclude>
    <ClInclude Include="Core\Public\API\UE\BasicTypes.h">
      <Filter>Core\Public\API\UE</Filter>
    </ClInclude>
    <ClInclude Include="Core\Private\PluginManager\PluginManager.h">
      <Filter>Core\Private\PluginManager</Filter>
    </ClInclude>
    <ClInclude Include="Core\Public\IHooks.h">
      <Filter>Core\Public</Filter>
    </ClInclude>
    <ClInclude Include="Core\Private\Hooks.h">
      <Filter>Core\Private</Filter>
    </ClInclude>
    <ClInclude Include="Core\Private\Offsets.h">
      <Filter>Core\Private</Filter>
    </ClInclude>
    <ClInclude Include="Core\Public\API\Fields.h">
      <Filter>Core\Public\API</Filter>
    </ClInclude>
    <ClInclude Include="Core\Public\API\UE\Templates\MemoryOps.h">
      <Filter>Core\Public\API\UE\Templates</Filter>
    </ClInclude>
    <ClInclude Include="Core\Public\API\UE\Templates\IsTriviallyDestructible.h">
      <Filter>Core\Public\API\UE\Templates</Filter>
    </ClInclude>
    <ClInclude Include="Core\Public\API\UE\Templates\IsTriviallyCopyConstructible.h">
      <Filter>Core\Public\API\UE\Templates</Filter>
    </ClInclude>
    <ClInclude Include="Core\Public\API\UE\Templates\AreTypesEqual.h">
      <Filter>Core\Public\API\UE\Templates</Filter>
    </ClInclude>
    <ClInclude Include="Core\Public\API\UE\Templates\IsEnum.h">
      <Filter>Core\Public\API\UE\Templates</Filter>
    </ClInclude>
    <ClInclude Include="Core\Public\API\UE\Templates\RemoveCV.h">
      <Filter>Core\Public\API\UE\Templates</Filter>
    </ClInclude>
    <ClInclude Include="Core\Public\API\UE\Templates\UnrealTemplate.h">
      <Filter>Core\Public\API\UE\Templates</Filter>
    </ClInclude>
    <ClInclude Include="Core\Public\API\UE\Templates\RemoveReference.h">
      <Filter>Core\Public\API\UE\Templates</Filter>
    </ClInclude>
    <ClInclude Include="Core\Public\API\UE\Templates\TypeCompatibleBytes.h">
      <Filter>Core\Public\API\UE\Templates</Filter>
    </ClInclude>
    <ClInclude Include="Core\Public\API\UE\Templates\IsContiguousContainer.h">
      <Filter>Core\Public\API\UE\Templates</Filter>
    </ClInclude>
    <ClInclude Include="Core\Public\API\UE\Templates\ChooseClass.h">
      <Filter>Core\Public\API\UE\Templates</Filter>
    </ClInclude>
    <ClInclude Include="Core\Public\API\UE\Templates\Decay.h">
      <Filter>Core\Public\API\UE\Templates</Filter>
    </ClInclude>
    <ClInclude Include="Core\Public\API\UE\Templates\Less.h">
      <Filter>Core\Public\API\UE\Templates</Filter>
    </ClInclude>
    <ClInclude Include="Core\Public\API\UE\Containers\BitArray.h">
      <Filter>Core\Public\API\UE\Containers</Filter>
    </ClInclude>
    <ClInclude Include="Core\Public\API\UE\Containers\ScriptArray.h">
      <Filter>Core\Public\API\UE\Containers</Filter>
    </ClInclude>
    <ClInclude Include="Core\Public\API\UE\Containers\ContainerAllocationPolicies.h">
      <Filter>Core\Public\API\UE\Containers</Filter>
    </ClInclude>
    <ClInclude Include="Core\Public\API\UE\Containers\TArray.h">
      <Filter>Core\Public\API\UE\Containers</Filter>
    </ClInclude>
    <ClInclude Include="Core\Public\API\UE\Misc\StructBuilder.h">
      <Filter>Core\Public\API\UE\Misc</Filter>
    </ClInclude>
    <ClInclude Include="Core\Public\API\UE\Templates\AlignmentTemplates.h">
      <Filter>Core\Public\API\UE\Templates</Filter>
    </ClInclude>
    <ClInclude Include="Core\Public\API\UE\Templates\Function.h">
      <Filter>Core\Public\API\UE\Templates</Filter>
    </ClInclude>
    <ClInclude Include="Core\Public\API\UE\Templates\Invoke.h">
      <Filter>Core\Public\API\UE\Templates</Filter>
    </ClInclude>
    <ClInclude Include="Core\Public\API\UE\Templates\PointerIsConvertibleFromTo.h">
      <Filter>Core\Public\API\UE\Templates</Filter>
    </ClInclude>
    <ClInclude Include="Core\Public\API\UE\Misc\CString.h">
      <Filter>Core\Public\API\UE\Misc</Filter>
    </ClInclude>
    <ClInclude Include="Core\Public\API\UE\Containers\FString.h">
      <Filter>Core\Public\API\UE\Containers</Filter>
    </ClInclude>
    <ClInclude Include="Core\Public\API\UE\Containers\Set.h">
      <Filter>Core\Public\API\UE\Containers</Filter>
    </ClInclude>
    <ClInclude Include="Core\Public\API\UE\Containers\Map.h">
      <Filter>Core\Public\API\UE\Containers</Filter>
    </ClInclude>
    <ClInclude Include="Core\Public\API\UE\Containers\SparseArray.h">
      <Filter>Core\Public\API\UE\Containers</Filter>
    </ClInclude>
    <ClInclude Include="Core\Public\API\UE\HAL\UnrealMemory.h">
      <Filter>Core\Public\API\UE\HAL</Filter>
    </ClInclude>
    <ClInclude Include="Core\Public\API\UE\GenericPlatform\GenericPlatformMath.h">
      <Filter>Core\Public\API\UE\GenericPlatform</Filter>
    </ClInclude>
    <ClInclude Include="Core\Public\API\UE\GenericPlatform\GenericPlatformMemory.h">
      <Filter>Core\Public\API\UE\GenericPlatform</Filter>
    </ClInclude>
    <ClInclude Include="Core\Public\API\UE\GenericPlatform\GenericPlatformString.h">
      <Filter>Core\Public\API\UE\GenericPlatform</Filter>
    </ClInclude>
    <ClInclude Include="Core\Public\API\UE\Windows\MicrosoftPlatformString.h">
      <Filter>Core\Public\API\UE\Windows</Filter>
    </ClInclude>
    <ClInclude Include="Core\Public\API\UE\Math\UnrealMathUtility.h">
      <Filter>Core\Public\API\UE\Math</Filter>
    </ClInclude>
    <ClInclude Include="Core\Public\API\UE\Misc\Char.h">
      <Filter>Core\Public\API\UE\Misc</Filter>
    </ClInclude>
    <ClInclude Include="Core\Public\API\UE\Templates\Tuple.h">
      <Filter>Core\Public\API\UE\Templates</Filter>
    </ClInclude>
    <ClInclude Include="Core\Public\API\UE\Delegates\IntegerSequence.h">
      <Filter>Core\Public\API\UE\Delegates</Filter>
    </ClInclude>
    <ClInclude Include="Core\Public\API\UE\Templates\HasGetTypeHash.h">
      <Filter>Core\Public\API\UE\Templates</Filter>
    </ClInclude>
    <ClInclude Include="Core\Public\API\UE\Templates\Sorting.h">
      <Filter>Core\Public\API\UE\Templates</Filter>
    </ClInclude>
    <ClInclude Include="Core\Public\API\UE\Containers\Algo\BinarySearch.h">
      <Filter>Core\Public\API\UE\Containers\Algo</Filter>
    </ClInclude>
    <ClInclude Include="Core\Public\API\UE\Containers\Algo\Sort.h">
      <Filter>Core\Public\API\UE\Containers\Algo</Filter>
    </ClInclude>
    <ClInclude Include="Core\Public\API\UE\Containers\Algo\IntroSort.h">
      <Filter>Core\Public\API\UE\Containers\Algo</Filter>
    </ClInclude>
    <ClInclude Include="Core\Public\API\UE\Containers\Algo\Impl\BinaryHeap.h">
      <Filter>Core\Public\API\UE\Containers\Algo\Impl</Filter>
    </ClInclude>
    <ClInclude Include="Core\Public\API\UE\Templates\IdentityFunctor.h">
      <Filter>Core\Public\API\UE\Templates</Filter>
    </ClInclude>
    <ClInclude Include="Core\Public\API\UE\Templates\ReversePredicate.h">
      <Filter>Core\Public\API\UE\Templates</Filter>
    </ClInclude>
    <ClInclude Include="Core\Public\API\UE\Containers\Algo\Reverse.h">
      <Filter>Core\Public\API\UE\Containers\Algo</Filter>
    </ClInclude>
    <ClInclude Include="Core\Public\API\UE\Containers\EnumAsByte.h">
      <Filter>Core\Public\API\UE\Containers</Filter>
    </ClInclude>
    <ClInclude Include="Core\Public\API\UE\Templates\IsEnumClass.h">
      <Filter>Core\Public\API\UE\Templates</Filter>
    </ClInclude>
    <ClInclude Include="Core\Public\API\UE\Math\Color.h">
      <Filter>Core\Public\API\UE\Math</Filter>
    </ClInclude>
    <ClInclude Include="Core\Public\API\UE\Math\Vector.h">
      <Filter>Core\Public\API\UE\Math</Filter>
    </ClInclude>
    <ClInclude Include="Core\Public\API\UE\Math\IntPoint.h">
      <Filter>Core\Public\API\UE\Math</Filter>
    </ClInclude>
    <ClInclude Include="Core\Public\API\UE\Math\Vector2D.h">
      <Filter>Core\Public\API\UE\Math</Filter>
    </ClInclude>
    <ClInclude Include="Core\Public\API\UE\Misc\ByteSwap.h">
      <Filter>Core\Public\API\UE\Misc</Filter>
    </ClInclude>
    <ClInclude Include="Core\Public\API\UE\Math\IntVector.h">
      <Filter>Core\Public\API\UE\Math</Filter>
    </ClInclude>
    <ClInclude Include="Core\Public\API\UE\Math\ColorList.h">
      <Filter>Core\Public\API\UE\Math</Filter>
    </ClInclude>
    <ClInclude Include="Core\Public\API\UE\NetSerialization.h">
      <Filter>Core\Public\API\UE</Filter>
    </ClInclude>
    <ClInclude Include="Core\Public\API\UE\Math\Quat.h">
      <Filter>Core\Public\API\UE\Math</Filter>
    </ClInclude>
    <ClInclude Include="Core\Public\API\UE\Math\Rotator.h">
      <Filter>Core\Public\API\UE\Math</Filter>
    </ClInclude>
    <ClInclude Include="Core\Public\API\UE\Templates\TypeHash.h">
      <Filter>Core\Public\API\UE\Templates</Filter>
    </ClInclude>
    <ClInclude Include="Core\Public\Logger\Logger.h">
      <Filter>Core\Public\Logger</Filter>
    </ClInclude>
    <ClInclude Include="Core\Private\Helpers.h">
      <Filter>Core\Private</Filter>
    </ClInclude>
    <ClInclude Include="Core\Public\API\UE\Templates\SharedPointer.h">
      <Filter>Core\Public\API\UE\Templates</Filter>
    </ClInclude>
    <ClInclude Include="Core\Public\API\UE\Templates\SharedPointerInternals.h">
      <Filter>Core\Public\API\UE\Templates</Filter>
    </ClInclude>
    <ClInclude Include="Core\Public\API\UE\Windows\WindowsPlatformAtomics.h">
      <Filter>Core\Public\API\UE\Windows</Filter>
    </ClInclude>
    <ClInclude Include="Core\Public\API\UE\GenericPlatform\GenericPlatformAtomics.h">
      <Filter>Core\Public\API\UE\GenericPlatform</Filter>
    </ClInclude>
    <ClInclude Include="Core\Public\Requests.h">
      <Filter>Core\Public</Filter>
    </ClInclude>
    <ClInclude Include="Core\Private\IBaseApi.h">
      <Filter>Core\Private</Filter>
    </ClInclude>
    <ClInclude Include="Core\Private\Ark\ArkBaseApi.h">
      <Filter>Core\Private\Ark</Filter>
    </ClInclude>
    <ClInclude Include="Core\Private\Ark\HooksImpl.h">
      <Filter>Core\Private\Ark</Filter>
    </ClInclude>
    <ClInclude Include="Core\Private\Ark\ApiUtils.h">
      <Filter>Core\Private\Ark</Filter>
    </ClInclude>
    <ClInclude Include="Core\Public\API\Base.h">
      <Filter>Core\Public\API</Filter>
    </ClInclude>
    <ClInclude Include="Core\Private\Atlas\HooksImpl.h">
      <Filter>Core\Private\Atlas</Filter>
    </ClInclude>
    <ClInclude Include="Core\Private\Atlas\ApiUtils.h">
      <Filter>Core\Private\Atlas</Filter>
    </ClInclude>
    <ClInclude Include="Core\Private\Atlas\AtlasBaseApi.h">
      <Filter>Core\Private\Atlas</Filter>
    </ClInclude>
    <ClInclude Include="Core\Public\API\Atlas\Other.h">
      <Filter>Core\Public\API\Atlas</Filter>
    </ClInclude>
    <ClInclude Include="Core\Public\API\Atlas\PrimalStructure.h">
      <Filter>Core\Public\API\Atlas</Filter>
    </ClInclude>
    <ClInclude Include="Core\Public\API\Atlas\Tribe.h">
      <Filter>Core\Public\API\Atlas</Filter>
    </ClInclude>
    <ClInclude Include="Core\Public\API\Atlas\Actor.h">
      <Filter>Core\Public\API\Atlas</Filter>
    </ClInclude>
    <ClInclude Include="Core\Public\API\Atlas\GameMode.h">
      <Filter>Core\Public\API\Atlas</Filter>
    </ClInclude>
    <ClInclude Include="Core\Public\API\Atlas\GameState.h">
      <Filter>Core\Public\API\Atlas</Filter>
    </ClInclude>
    <ClInclude Include="Core\Public\API\Atlas\Inventory.h">
      <Filter>Core\Public\API\Atlas</Filter>
    </ClInclude>
    <ClInclude Include="Core\Public\API\Atlas\Atlas.h">
      <Filter>Core\Public\API\Atlas</Filter>
    </ClInclude>
    <ClInclude Include="Core\Public\ICommands.h">
      <Filter>Core\Public</Filter>
    </ClInclude>
    <ClInclude Include="Core\Public\IApiUtils.h">
      <Filter>Core\Public</Filter>
    </ClInclude>
    <ClInclude Include="Core\Public\API\Atlas\Enums.h">
      <Filter>Core\Public\API\Atlas</Filter>
    </ClInclude>
    <ClInclude Include="Core\Public\API\ARK\Enums.h">
      <Filter>Core\Public\API\ARK</Filter>
    </ClInclude>
    <ClInclude Include="Core\Public\API\Enums.h">
      <Filter>Core\Public\API</Filter>
    </ClInclude>
    <ClInclude Include="Core\Public\Ark\ArkApiUtils.h">
      <Filter>Core\Public\Ark</Filter>
    </ClInclude>
    <ClInclude Include="Core\Public\Atlas\AtlasApiUtils.h">
      <Filter>Core\Public\Atlas</Filter>
    </ClInclude>
    <ClInclude Include="Core\Public\Timer.h">
      <Filter>Core\Public</Filter>
    </ClInclude>
    <ClInclude Include="Core\Private\Commands.h">
      <Filter>Core\Private</Filter>
    </ClInclude>
  </ItemGroup>
  <ItemGroup>
    <ClCompile Include="version.cpp" />
    <ClCompile Include="Core\Private\PDBReader\PDBReader.cpp">
      <Filter>Core\Private\PDBReader</Filter>
    </ClCompile>
    <ClCompile Include="Core\Private\Hooks.cpp">
      <Filter>Core\Private</Filter>
    </ClCompile>
    <ClCompile Include="Core\Private\PluginManager\PluginManager.cpp">
      <Filter>Core\Private\PluginManager</Filter>
    </ClCompile>
    <ClCompile Include="Core\Private\Offsets.cpp">
      <Filter>Core\Private</Filter>
    </ClCompile>
    <ClCompile Include="Core\Private\Base.cpp">
      <Filter>Core\Private</Filter>
    </ClCompile>
    <ClCompile Include="Core\Private\Logger.cpp">
      <Filter>Core\Private</Filter>
    </ClCompile>
    <ClCompile Include="Core\Private\Helpers.cpp">
      <Filter>Core\Private</Filter>
    </ClCompile>
    <ClCompile Include="Core\Private\Tools\Requests.cpp">
      <Filter>Core\Private\Tools</Filter>
    </ClCompile>
    <ClCompile Include="Core\Private\Tools\Tools.cpp">
      <Filter>Core\Private\Tools</Filter>
    </ClCompile>
    <ClCompile Include="Core\Private\Ark\ArkBaseApi.cpp">
      <Filter>Core\Private\Ark</Filter>
    </ClCompile>
    <ClCompile Include="Core\Private\Ark\HooksImpl.cpp">
      <Filter>Core\Private\Ark</Filter>
    </ClCompile>
    <ClCompile Include="Core\Private\Ark\ApiUtils.cpp">
      <Filter>Core\Private\Ark</Filter>
    </ClCompile>
    <ClCompile Include="Core\Private\Atlas\HooksImpl.cpp">
      <Filter>Core\Private\Atlas</Filter>
    </ClCompile>
    <ClCompile Include="Core\Private\Atlas\ApiUtils.cpp">
      <Filter>Core\Private\Atlas</Filter>
    </ClCompile>
    <ClCompile Include="Core\Private\Atlas\AtlasBaseApi.cpp">
      <Filter>Core\Private\Atlas</Filter>
    </ClCompile>
    <ClCompile Include="Core\Private\Tools\Timer.cpp">
      <Filter>Core\Private\Tools</Filter>
    </ClCompile>
    <ClCompile Include="Core\Private\Commands.cpp">
      <Filter>Core\Private</Filter>
    </ClCompile>
    <ClCompile Include="Core\Private\UE\UE.cpp">
      <Filter>Core\Private\UE</Filter>
    </ClCompile>
  </ItemGroup>
  <ItemGroup>
    <None Include="version.def" />
  </ItemGroup>
</Project>