
Microsoft Visual Studio Solution File, Format Version 12.00
# Visual Studio 15
VisualStudioVersion = 15.0.27130.2020
MinimumVisualStudioVersion = 10.0.40219.1
Project("{8BC9CEB8-8B4A-11D0-8D11-00A0C91BC942}") = "version", "version\version.vcxproj", "{3941E9F8-2E29-4D69-8717-F74562ED5301}"
EndProject
Global
	GlobalSection(SolutionConfigurationPlatforms) = preSolution
		Ark|x64 = Ark|x64
		Atlas|x64 = Atlas|x64
	EndGlobalSection
	GlobalSection(ProjectConfigurationPlatforms) = postSolution
		{3941E9F8-2E29-4D69-8717-F74562ED5301}.Ark|x64.ActiveCfg = Ark|x64
		{3941E9F8-2E29-4D69-8717-F74562ED5301}.Ark|x64.Build.0 = Ark|x64
		{3941E9F8-2E29-4D69-8717-F74562ED5301}.Atlas|x64.ActiveCfg = Atlas|x64
		{3941E9F8-2E29-4D69-8717-F74562ED5301}.Atlas|x64.Build.0 = Atlas|x64
	EndGlobalSection
	GlobalSection(SolutionProperties) = preSolution
		HideSolutionNode = FALSE
	EndGlobalSection
	GlobalSection(ExtensibilityGlobals) = postSolution
		SolutionGuid = {96207D91-49EC-47B8-8142-955B024CE8F4}
	EndGlobalSection
EndGlobal
